
Microsoft Visual Studio Solution File, Format Version 12.00
# Visual Studio Version 17
VisualStudioVersion = 17.5.002.0
MinimumVisualStudioVersion = 10.0.40219.1
Project("{2150E333-8FDC-42A3-9474-1A3956D46DE8}") = "Back-End", "Back-End", "{A0BAFFB7-2274-467B-8D88-634909D6077D}"
EndProject
Project("{9A19103F-16F7-4668-BE54-9A1E7A4F7556}") = "Back-End", "Back-End\src\Back-End.csproj", "{20A12494-FC6B-4362-97A5-01BE416DC176}"
EndProject
Global
	GlobalSection(SolutionConfigurationPlatforms) = preSolution
		Debug|Any CPU = Debug|Any CPU
		Release|Any CPU = Release|Any CPU
	EndGlobalSection
	GlobalSection(ProjectConfigurationPlatforms) = postSolution
		{20A12494-FC6B-4362-97A5-01BE416DC176}.Debug|Any CPU.ActiveCfg = Debug|Any CPU
		{20A12494-FC6B-4362-97A5-01BE416DC176}.Debug|Any CPU.Build.0 = Debug|Any CPU
		{20A12494-FC6B-4362-97A5-01BE416DC176}.Release|Any CPU.ActiveCfg = Release|Any CPU
		{20A12494-FC6B-4362-97A5-01BE416DC176}.Release|Any CPU.Build.0 = Release|Any CPU
	EndGlobalSection
	GlobalSection(SolutionProperties) = preSolution
		HideSolutionNode = FALSE
	EndGlobalSection
	GlobalSection(NestedProjects) = preSolution
		{20A12494-FC6B-4362-97A5-01BE416DC176} = {A0BAFFB7-2274-467B-8D88-634909D6077D}
	EndGlobalSection
	GlobalSection(ExtensibilityGlobals) = postSolution
		SolutionGuid = {B441D1FB-7892-49DD-A7B6-1AE8D4349B32}
	EndGlobalSection
EndGlobal
